// !$*UTF8*$!
{
	archiveVersion = 1;
	classes = {
	};
	objectVersion = 55;
	objects = {

/* Begin PBXBuildFile section */
		8F2670C52859BECB005F87F3 /* wlmApp.swift in Sources */ = {isa = PBXBuildFile; fileRef = 8F2670C42859BECB005F87F3 /* wlmApp.swift */; };
		8F2670C72859BECB005F87F3 /* ContentView.swift in Sources */ = {isa = PBXBuildFile; fileRef = 8F2670C62859BECB005F87F3 /* ContentView.swift */; };
		8F2670C92859BECB005F87F3 /* Assets.xcassets in Resources */ = {isa = PBXBuildFile; fileRef = 8F2670C82859BECB005F87F3 /* Assets.xcassets */; };
		8F2670CC2859BECB005F87F3 /* Preview Assets.xcassets in Resources */ = {isa = PBXBuildFile; fileRef = 8F2670CB2859BECB005F87F3 /* Preview Assets.xcassets */; };
		8F2670D62859BECB005F87F3 /* wlmTests.swift in Sources */ = {isa = PBXBuildFile; fileRef = 8F2670D52859BECB005F87F3 /* wlmTests.swift */; };
		8F2670E02859BECB005F87F3 /* wlmUITests.swift in Sources */ = {isa = PBXBuildFile; fileRef = 8F2670DF2859BECB005F87F3 /* wlmUITests.swift */; };
		8F2670E22859BECB005F87F3 /* wlmUITestsLaunchTests.swift in Sources */ = {isa = PBXBuildFile; fileRef = 8F2670E12859BECB005F87F3 /* wlmUITestsLaunchTests.swift */; };
/* End PBXBuildFile section */

/* Begin PBXContainerItemProxy section */
		8F2670D22859BECB005F87F3 /* PBXContainerItemProxy */ = {
			isa = PBXContainerItemProxy;
			containerPortal = 8F2670B92859BECB005F87F3 /* Project object */;
			proxyType = 1;
			remoteGlobalIDString = 8F2670C02859BECB005F87F3;
			remoteInfo = wlm;
		};
		8F2670DC2859BECB005F87F3 /* PBXContainerItemProxy */ = {
			isa = PBXContainerItemProxy;
			containerPortal = 8F2670B92859BECB005F87F3 /* Project object */;
			proxyType = 1;
			remoteGlobalIDString = 8F2670C02859BECB005F87F3;
			remoteInfo = wlm;
		};
/* End PBXContainerItemProxy section */

/* Begin PBXFileReference section */
		8F2670C12859BECB005F87F3 /* wlm.app */ = {isa = PBXFileReference; explicitFileType = wrapper.application; includeInIndex = 0; path = wlm.app; sourceTree = BUILT_PRODUCTS_DIR; };
		8F2670C42859BECB005F87F3 /* wlmApp.swift */ = {isa = PBXFileReference; lastKnownFileType = sourcecode.swift; path = wlmApp.swift; sourceTree = "<group>"; };
		8F2670C62859BECB005F87F3 /* ContentView.swift */ = {isa = PBXFileReference; lastKnownFileType = sourcecode.swift; path = ContentView.swift; sourceTree = "<group>"; };
		8F2670C82859BECB005F87F3 /* Assets.xcassets */ = {isa = PBXFileReference; lastKnownFileType = folder.assetcatalog; path = Assets.xcassets; sourceTree = "<group>"; };
		8F2670CB2859BECB005F87F3 /* Preview Assets.xcassets */ = {isa = PBXFileReference; lastKnownFileType = folder.assetcatalog; path = "Preview Assets.xcassets"; sourceTree = "<group>"; };
		8F2670D12859BECB005F87F3 /* wlmTests.xctest */ = {isa = PBXFileReference; explicitFileType = wrapper.cfbundle; includeInIndex = 0; path = wlmTests.xctest; sourceTree = BUILT_PRODUCTS_DIR; };
		8F2670D52859BECB005F87F3 /* wlmTests.swift */ = {isa = PBXFileReference; lastKnownFileType = sourcecode.swift; path = wlmTests.swift; sourceTree = "<group>"; };
		8F2670DB2859BECB005F87F3 /* wlmUITests.xctest */ = {isa = PBXFileReference; explicitFileType = wrapper.cfbundle; includeInIndex = 0; path = wlmUITests.xctest; sourceTree = BUILT_PRODUCTS_DIR; };
		8F2670DF2859BECB005F87F3 /* wlmUITests.swift */ = {isa = PBXFileReference; lastKnownFileType = sourcecode.swift; path = wlmUITests.swift; sourceTree = "<group>"; };
		8F2670E12859BECB005F87F3 /* wlmUITestsLaunchTests.swift */ = {isa = PBXFileReference; lastKnownFileType = sourcecode.swift; path = wlmUITestsLaunchTests.swift; sourceTree = "<group>"; };
/* End PBXFileReference section */

/* Begin PBXFrameworksBuildPhase section */
		8F2670BE2859BECB005F87F3 /* Frameworks */ = {
			isa = PBXFrameworksBuildPhase;
			buildActionMask = 2147483647;
			files = (
			);
			runOnlyForDeploymentPostprocessing = 0;
		};
		8F2670CE2859BECB005F87F3 /* Frameworks */ = {
			isa = PBXFrameworksBuildPhase;
			buildActionMask = 2147483647;
			files = (
			);
			runOnlyForDeploymentPostprocessing = 0;
		};
		8F2670D82859BECB005F87F3 /* Frameworks */ = {
			isa = PBXFrameworksBuildPhase;
			buildActionMask = 2147483647;
			files = (
			);
			runOnlyForDeploymentPostprocessing = 0;
		};
/* End PBXFrameworksBuildPhase section */

/* Begin PBXGroup section */
		8F2670B82859BECB005F87F3 = {
			isa = PBXGroup;
			children = (
				8F2670C32859BECB005F87F3 /* wlm */,
				8F2670D42859BECB005F87F3 /* wlmTests */,
				8F2670DE2859BECB005F87F3 /* wlmUITests */,
				8F2670C22859BECB005F87F3 /* Products */,
			);
			sourceTree = "<group>";
		};
		8F2670C22859BECB005F87F3 /* Products */ = {
			isa = PBXGroup;
			children = (
				8F2670C12859BECB005F87F3 /* wlm.app */,
				8F2670D12859BECB005F87F3 /* wlmTests.xctest */,
				8F2670DB2859BECB005F87F3 /* wlmUITests.xctest */,
			);
			name = Products;
			sourceTree = "<group>";
		};
		8F2670C32859BECB005F87F3 /* wlm */ = {
			isa = PBXGroup;
			children = (
				8F2670C42859BECB005F87F3 /* wlmApp.swift */,
				8F2670C62859BECB005F87F3 /* ContentView.swift */,
				8F2670C82859BECB005F87F3 /* Assets.xcassets */,
				8F2670CA2859BECB005F87F3 /* Preview Content */,
			);
			path = wlm;
			sourceTree = "<group>";
		};
		8F2670CA2859BECB005F87F3 /* Preview Content */ = {
			isa = PBXGroup;
			children = (
				8F2670CB2859BECB005F87F3 /* Preview Assets.xcassets */,
			);
			path = "Preview Content";
			sourceTree = "<group>";
		};
		8F2670D42859BECB005F87F3 /* wlmTests */ = {
			isa = PBXGroup;
			children = (
				8F2670D52859BECB005F87F3 /* wlmTests.swift */,
			);
			path = wlmTests;
			sourceTree = "<group>";
		};
		8F2670DE2859BECB005F87F3 /* wlmUITests */ = {
			isa = PBXGroup;
			children = (
				8F2670DF2859BECB005F87F3 /* wlmUITests.swift */,
				8F2670E12859BECB005F87F3 /* wlmUITestsLaunchTests.swift */,
			);
			path = wlmUITests;
			sourceTree = "<group>";
		};
/* End PBXGroup section */

/* Begin PBXNativeTarget section */
		8F2670C02859BECB005F87F3 /* wlm */ = {
			isa = PBXNativeTarget;
			buildConfigurationList = 8F2670E52859BECB005F87F3 /* Build configuration list for PBXNativeTarget "wlm" */;
			buildPhases = (
				8F2670BD2859BECB005F87F3 /* Sources */,
				8F2670BE2859BECB005F87F3 /* Frameworks */,
				8F2670BF2859BECB005F87F3 /* Resources */,
			);
			buildRules = (
			);
			dependencies = (
			);
			name = wlm;
			productName = wlm;
			productReference = 8F2670C12859BECB005F87F3 /* wlm.app */;
			productType = "com.apple.product-type.application";
		};
		8F2670D02859BECB005F87F3 /* wlmTests */ = {
			isa = PBXNativeTarget;
			buildConfigurationList = 8F2670E82859BECB005F87F3 /* Build configuration list for PBXNativeTarget "wlmTests" */;
			buildPhases = (
				8F2670CD2859BECB005F87F3 /* Sources */,
				8F2670CE2859BECB005F87F3 /* Frameworks */,
				8F2670CF2859BECB005F87F3 /* Resources */,
			);
			buildRules = (
			);
			dependencies = (
				8F2670D32859BECB005F87F3 /* PBXTargetDependency */,
			);
			name = wlmTests;
			productName = wlmTests;
			productReference = 8F2670D12859BECB005F87F3 /* wlmTests.xctest */;
			productType = "com.apple.product-type.bundle.unit-test";
		};
		8F2670DA2859BECB005F87F3 /* wlmUITests */ = {
			isa = PBXNativeTarget;
			buildConfigurationList = 8F2670EB2859BECB005F87F3 /* Build configuration list for PBXNativeTarget "wlmUITests" */;
			buildPhases = (
				8F2670D72859BECB005F87F3 /* Sources */,
				8F2670D82859BECB005F87F3 /* Frameworks */,
				8F2670D92859BECB005F87F3 /* Resources */,
			);
			buildRules = (
			);
			dependencies = (
				8F2670DD2859BECB005F87F3 /* PBXTargetDependency */,
			);
			name = wlmUITests;
			productName = wlmUITests;
			productReference = 8F2670DB2859BECB005F87F3 /* wlmUITests.xctest */;
			productType = "com.apple.product-type.bundle.ui-testing";
		};
/* End PBXNativeTarget section */

/* Begin PBXProject section */
		8F2670B92859BECB005F87F3 /* Project object */ = {
			isa = PBXProject;
			attributes = {
				BuildIndependentTargetsInParallel = 1;
				LastSwiftUpdateCheck = 1330;
				LastUpgradeCheck = 1330;
				TargetAttributes = {
					8F2670C02859BECB005F87F3 = {
						CreatedOnToolsVersion = 13.3.1;
					};
					8F2670D02859BECB005F87F3 = {
						CreatedOnToolsVersion = 13.3.1;
						TestTargetID = 8F2670C02859BECB005F87F3;
					};
					8F2670DA2859BECB005F87F3 = {
						CreatedOnToolsVersion = 13.3.1;
						TestTargetID = 8F2670C02859BECB005F87F3;
					};
				};
			};
			buildConfigurationList = 8F2670BC2859BECB005F87F3 /* Build configuration list for PBXProject "wlm" */;
			compatibilityVersion = "Xcode 13.0";
			developmentRegion = en;
			hasScannedForEncodings = 0;
			knownRegions = (
				en,
				Base,
			);
			mainGroup = 8F2670B82859BECB005F87F3;
			productRefGroup = 8F2670C22859BECB005F87F3 /* Products */;
			projectDirPath = "";
			projectRoot = "";
			targets = (
				8F2670C02859BECB005F87F3 /* wlm */,
				8F2670D02859BECB005F87F3 /* wlmTests */,
				8F2670DA2859BECB005F87F3 /* wlmUITests */,
			);
		};
/* End PBXProject section */

/* Begin PBXResourcesBuildPhase section */
		8F2670BF2859BECB005F87F3 /* Resources */ = {
			isa = PBXResourcesBuildPhase;
			buildActionMask = 2147483647;
			files = (
				8F2670CC2859BECB005F87F3 /* Preview Assets.xcassets in Resources */,
				8F2670C92859BECB005F87F3 /* Assets.xcassets in Resources */,
			);
			runOnlyForDeploymentPostprocessing = 0;
		};
		8F2670CF2859BECB005F87F3 /* Resources */ = {
			isa = PBXResourcesBuildPhase;
			buildActionMask = 2147483647;
			files = (
			);
			runOnlyForDeploymentPostprocessing = 0;
		};
		8F2670D92859BECB005F87F3 /* Resources */ = {
			isa = PBXResourcesBuildPhase;
			buildActionMask = 2147483647;
			files = (
			);
			runOnlyForDeploymentPostprocessing = 0;
		};
/* End PBXResourcesBuildPhase section */

/* Begin PBXSourcesBuildPhase section */
		8F2670BD2859BECB005F87F3 /* Sources */ = {
			isa = PBXSourcesBuildPhase;
			buildActionMask = 2147483647;
			files = (
				8F2670C72859BECB005F87F3 /* ContentView.swift in Sources */,
				8F2670C52859BECB005F87F3 /* wlmApp.swift in Sources */,
			);
			runOnlyForDeploymentPostprocessing = 0;
		};
		8F2670CD2859BECB005F87F3 /* Sources */ = {
			isa = PBXSourcesBuildPhase;
			buildActionMask = 2147483647;
			files = (
				8F2670D62859BECB005F87F3 /* wlmTests.swift in Sources */,
			);
			runOnlyForDeploymentPostprocessing = 0;
		};
		8F2670D72859BECB005F87F3 /* Sources */ = {
			isa = PBXSourcesBuildPhase;
			buildActionMask = 2147483647;
			files = (
				8F2670E02859BECB005F87F3 /* wlmUITests.swift in Sources */,
				8F2670E22859BECB005F87F3 /* wlmUITestsLaunchTests.swift in Sources */,
			);
			runOnlyForDeploymentPostprocessing = 0;
		};
/* End PBXSourcesBuildPhase section */

/* Begin PBXTargetDependency section */
		8F2670D32859BECB005F87F3 /* PBXTargetDependency */ = {
			isa = PBXTargetDependency;
			target = 8F2670C02859BECB005F87F3 /* wlm */;
			targetProxy = 8F2670D22859BECB005F87F3 /* PBXContainerItemProxy */;
		};
		8F2670DD2859BECB005F87F3 /* PBXTargetDependency */ = {
			isa = PBXTargetDependency;
			target = 8F2670C02859BECB005F87F3 /* wlm */;
			targetProxy = 8F2670DC2859BECB005F87F3 /* PBXContainerItemProxy */;
		};
/* End PBXTargetDependency section */

/* Begin XCBuildConfiguration section */
		8F2670E32859BECB005F87F3 /* Debug */ = {
			isa = XCBuildConfiguration;
			buildSettings = {
				ALWAYS_SEARCH_USER_PATHS = NO;
				CLANG_ANALYZER_NONNULL = YES;
				CLANG_ANALYZER_NUMBER_OBJECT_CONVERSION = YES_AGGRESSIVE;
				CLANG_CXX_LANGUAGE_STANDARD = "gnu++17";
				CLANG_ENABLE_MODULES = YES;
				CLANG_ENABLE_OBJC_ARC = YES;
				CLANG_ENABLE_OBJC_WEAK = YES;
				CLANG_WARN_BLOCK_CAPTURE_AUTORELEASING = YES;
				CLANG_WARN_BOOL_CONVERSION = YES;
				CLANG_WARN_COMMA = YES;
				CLANG_WARN_CONSTANT_CONVERSION = YES;
				CLANG_WARN_DEPRECATED_OBJC_IMPLEMENTATIONS = YES;
				CLANG_WARN_DIRECT_OBJC_ISA_USAGE = YES_ERROR;
				CLANG_WARN_DOCUMENTATION_COMMENTS = YES;
				CLANG_WARN_EMPTY_BODY = YES;
				CLANG_WARN_ENUM_CONVERSION = YES;
				CLANG_WARN_INFINITE_RECURSION = YES;
				CLANG_WARN_INT_CONVERSION = YES;
				CLANG_WARN_NON_LITERAL_NULL_CONVERSION = YES;
				CLANG_WARN_OBJC_IMPLICIT_RETAIN_SELF = YES;
				CLANG_WARN_OBJC_LITERAL_CONVERSION = YES;
				CLANG_WARN_OBJC_ROOT_CLASS = YES_ERROR;
				CLANG_WARN_QUOTED_INCLUDE_IN_FRAMEWORK_HEADER = YES;
				CLANG_WARN_RANGE_LOOP_ANALYSIS = YES;
				CLANG_WARN_STRICT_PROTOTYPES = YES;
				CLANG_WARN_SUSPICIOUS_MOVE = YES;
				CLANG_WARN_UNGUARDED_AVAILABILITY = YES_AGGRESSIVE;
				CLANG_WARN_UNREACHABLE_CODE = YES;
				CLANG_WARN__DUPLICATE_METHOD_MATCH = YES;
				COPY_PHASE_STRIP = NO;
				DEBUG_INFORMATION_FORMAT = dwarf;
				ENABLE_STRICT_OBJC_MSGSEND = YES;
				ENABLE_TESTABILITY = YES;
				GCC_C_LANGUAGE_STANDARD = gnu11;
				GCC_DYNAMIC_NO_PIC = NO;
				GCC_NO_COMMON_BLOCKS = YES;
				GCC_OPTIMIZATION_LEVEL = 0;
				GCC_PREPROCESSOR_DEFINITIONS = (
					"DEBUG=1",
					"$(inherited)",
				);
				GCC_WARN_64_TO_32_BIT_CONVERSION = YES;
				GCC_WARN_ABOUT_RETURN_TYPE = YES_ERROR;
				GCC_WARN_UNDECLARED_SELECTOR = YES;
				GCC_WARN_UNINITIALIZED_AUTOS = YES_AGGRESSIVE;
				GCC_WARN_UNUSED_FUNCTION = YES;
				GCC_WARN_UNUSED_VARIABLE = YES;
				IPHONEOS_DEPLOYMENT_TARGET = 15.4;
				MTL_ENABLE_DEBUG_INFO = INCLUDE_SOURCE;
				MTL_FAST_MATH = YES;
				ONLY_ACTIVE_ARCH = YES;
				SDKROOT = iphoneos;
				SWIFT_ACTIVE_COMPILATION_CONDITIONS = DEBUG;
				SWIFT_OPTIMIZATION_LEVEL = "-Onone";
			};
			name = Debug;
		};
		8F2670E42859BECB005F87F3 /* Release */ = {
			isa = XCBuildConfiguration;
			buildSettings = {
				ALWAYS_SEARCH_USER_PATHS = NO;
				CLANG_ANALYZER_NONNULL = YES;
				CLANG_ANALYZER_NUMBER_OBJECT_CONVERSION = YES_AGGRESSIVE;
				CLANG_CXX_LANGUAGE_STANDARD = "gnu++17";
				CLANG_ENABLE_MODULES = YES;
				CLANG_ENABLE_OBJC_ARC = YES;
				CLANG_ENABLE_OBJC_WEAK = YES;
				CLANG_WARN_BLOCK_CAPTURE_AUTORELEASING = YES;
				CLANG_WARN_BOOL_CONVERSION = YES;
				CLANG_WARN_COMMA = YES;
				CLANG_WARN_CONSTANT_CONVERSION = YES;
				CLANG_WARN_DEPRECATED_OBJC_IMPLEMENTATIONS = YES;
				CLANG_WARN_DIRECT_OBJC_ISA_USAGE = YES_ERROR;
				CLANG_WARN_DOCUMENTATION_COMMENTS = YES;
				CLANG_WARN_EMPTY_BODY = YES;
				CLANG_WARN_ENUM_CONVERSION = YES;
				CLANG_WARN_INFINITE_RECURSION = YES;
				CLANG_WARN_INT_CONVERSION = YES;
				CLANG_WARN_NON_LITERAL_NULL_CONVERSION = YES;
				CLANG_WARN_OBJC_IMPLICIT_RETAIN_SELF = YES;
				CLANG_WARN_OBJC_LITERAL_CONVERSION = YES;
				CLANG_WARN_OBJC_ROOT_CLASS = YES_ERROR;
				CLANG_WARN_QUOTED_INCLUDE_IN_FRAMEWORK_HEADER = YES;
				CLANG_WARN_RANGE_LOOP_ANALYSIS = YES;
				CLANG_WARN_STRICT_PROTOTYPES = YES;
				CLANG_WARN_SUSPICIOUS_MOVE = YES;
				CLANG_WARN_UNGUARDED_AVAILABILITY = YES_AGGRESSIVE;
				CLANG_WARN_UNREACHABLE_CODE = YES;
				CLANG_WARN__DUPLICATE_METHOD_MATCH = YES;
				COPY_PHASE_STRIP = NO;
				DEBUG_INFORMATION_FORMAT = "dwarf-with-dsym";
				ENABLE_NS_ASSERTIONS = NO;
				ENABLE_STRICT_OBJC_MSGSEND = YES;
				GCC_C_LANGUAGE_STANDARD = gnu11;
				GCC_NO_COMMON_BLOCKS = YES;
				GCC_WARN_64_TO_32_BIT_CONVERSION = YES;
				GCC_WARN_ABOUT_RETURN_TYPE = YES_ERROR;
				GCC_WARN_UNDECLARED_SELECTOR = YES;
				GCC_WARN_UNINITIALIZED_AUTOS = YES_AGGRESSIVE;
				GCC_WARN_UNUSED_FUNCTION = YES;
				GCC_WARN_UNUSED_VARIABLE = YES;
				IPHONEOS_DEPLOYMENT_TARGET = 15.4;
				MTL_ENABLE_DEBUG_INFO = NO;
				MTL_FAST_MATH = YES;
				SDKROOT = iphoneos;
				SWIFT_COMPILATION_MODE = wholemodule;
				SWIFT_OPTIMIZATION_LEVEL = "-O";
				VALIDATE_PRODUCT = YES;
			};
			name = Release;
		};
		8F2670E62859BECB005F87F3 /* Debug */ = {
			isa = XCBuildConfiguration;
			buildSettings = {
				ASSETCATALOG_COMPILER_APPICON_NAME = AppIcon;
				ASSETCATALOG_COMPILER_GLOBAL_ACCENT_COLOR_NAME = AccentColor;
				CODE_SIGN_STYLE = Automatic;
				CURRENT_PROJECT_VERSION = 1;
				DEVELOPMENT_ASSET_PATHS = "\"wlm/Preview Content\"";
				DEVELOPMENT_TEAM = 4CT2P9N458;
				ENABLE_PREVIEWS = YES;
				GENERATE_INFOPLIST_FILE = YES;
				INFOPLIST_KEY_UIApplicationSceneManifest_Generation = YES;
				INFOPLIST_KEY_UIApplicationSupportsIndirectInputEvents = YES;
				INFOPLIST_KEY_UILaunchScreen_Generation = YES;
				INFOPLIST_KEY_UISupportedInterfaceOrientations_iPad = "UIInterfaceOrientationPortrait UIInterfaceOrientationPortraitUpsideDown UIInterfaceOrientationLandscapeLeft UIInterfaceOrientationLandscapeRight";
				INFOPLIST_KEY_UISupportedInterfaceOrientations_iPhone = "UIInterfaceOrientationPortrait UIInterfaceOrientationLandscapeLeft UIInterfaceOrientationLandscapeRight";
				LD_RUNPATH_SEARCH_PATHS = (
					"$(inherited)",
					"@executable_path/Frameworks",
				);
				MARKETING_VERSION = 1.0;
				PRODUCT_BUNDLE_IDENTIFIER = Stevenfachhai.wlm;
				PRODUCT_NAME = "$(TARGET_NAME)";
				SWIFT_EMIT_LOC_STRINGS = YES;
				SWIFT_VERSION = 5.0;
				TARGETED_DEVICE_FAMILY = "1,2";
			};
			name = Debug;
		};
		8F2670E72859BECB005F87F3 /* Release */ = {
			isa = XCBuildConfiguration;
			buildSettings = {
				ASSETCATALOG_COMPILER_APPICON_NAME = AppIcon;
				ASSETCATALOG_COMPILER_GLOBAL_ACCENT_COLOR_NAME = AccentColor;
				CODE_SIGN_STYLE = Automatic;
				CURRENT_PROJECT_VERSION = 1;
				DEVELOPMENT_ASSET_PATHS = "\"wlm/Preview Content\"";
				DEVELOPMENT_TEAM = 4CT2P9N458;
				ENABLE_PREVIEWS = YES;
				GENERATE_INFOPLIST_FILE = YES;
				INFOPLIST_KEY_UIApplicationSceneManifest_Generation = YES;
				INFOPLIST_KEY_UIApplicationSupportsIndirectInputEvents = YES;
				INFOPLIST_KEY_UILaunchScreen_Generation = YES;
				INFOPLIST_KEY_UISupportedInterfaceOrientations_iPad = "UIInterfaceOrientationPortrait UIInterfaceOrientationPortraitUpsideDown UIInterfaceOrientationLandscapeLeft UIInterfaceOrientationLandscapeRight";
				INFOPLIST_KEY_UISupportedInterfaceOrientations_iPhone = "UIInterfaceOrientationPortrait UIInterfaceOrientationLandscapeLeft UIInterfaceOrientationLandscapeRight";
				LD_RUNPATH_SEARCH_PATHS = (
					"$(inherited)",
					"@executable_path/Frameworks",
				);
				MARKETING_VERSION = 1.0;
				PRODUCT_BUNDLE_IDENTIFIER = Stevenfachhai.wlm;
				PRODUCT_NAME = "$(TARGET_NAME)";
				SWIFT_EMIT_LOC_STRINGS = YES;
				SWIFT_VERSION = 5.0;
				TARGETED_DEVICE_FAMILY = "1,2";
			};
			name = Release;
		};
		8F2670E92859BECB005F87F3 /* Debug */ = {
			isa = XCBuildConfiguration;
			buildSettings = {
				ALWAYS_EMBED_SWIFT_STANDARD_LIBRARIES = YES;
				BUNDLE_LOADER = "$(TEST_HOST)";
				CODE_SIGN_STYLE = Automatic;
				CURRENT_PROJECT_VERSION = 1;
				DEVELOPMENT_TEAM = 4CT2P9N458;
				GENERATE_INFOPLIST_FILE = YES;
				IPHONEOS_DEPLOYMENT_TARGET = 15.4;
				MARKETING_VERSION = 1.0;
				PRODUCT_BUNDLE_IDENTIFIER = Stevenfachhai.wlmTests;
				PRODUCT_NAME = "$(TARGET_NAME)";
				SWIFT_EMIT_LOC_STRINGS = NO;
				SWIFT_VERSION = 5.0;
				TARGETED_DEVICE_FAMILY = "1,2";
				TEST_HOST = "$(BUILT_PRODUCTS_DIR)/wlm.app/wlm";
			};
			name = Debug;
		};
		8F2670EA2859BECB005F87F3 /* Release */ = {
			isa = XCBuildConfiguration;
			buildSettings = {
				ALWAYS_EMBED_SWIFT_STANDARD_LIBRARIES = YES;
				BUNDLE_LOADER = "$(TEST_HOST)";
				CODE_SIGN_STYLE = Automatic;
				CURRENT_PROJECT_VERSION = 1;
				DEVELOPMENT_TEAM = 4CT2P9N458;
				GENERATE_INFOPLIST_FILE = YES;
				IPHONEOS_DEPLOYMENT_TARGET = 15.4;
				MARKETING_VERSION = 1.0;
				PRODUCT_BUNDLE_IDENTIFIER = Stevenfachhai.wlmTests;
				PRODUCT_NAME = "$(TARGET_NAME)";
				SWIFT_EMIT_LOC_STRINGS = NO;
				SWIFT_VERSION = 5.0;
				TARGETED_DEVICE_FAMILY = "1,2";
				TEST_HOST = "$(BUILT_PRODUCTS_DIR)/wlm.app/wlm";
			};
			name = Release;
		};
		8F2670EC2859BECB005F87F3 /* Debug */ = {
			isa = XCBuildConfiguration;
			buildSettings = {
				ALWAYS_EMBED_SWIFT_STANDARD_LIBRARIES = YES;
				CODE_SIGN_STYLE = Automatic;
				CURRENT_PROJECT_VERSION = 1;
				DEVELOPMENT_TEAM = 4CT2P9N458;
				GENERATE_INFOPLIST_FILE = YES;
				MARKETING_VERSION = 1.0;
				PRODUCT_BUNDLE_IDENTIFIER = Stevenfachhai.wlmUITests;
				PRODUCT_NAME = "$(TARGET_NAME)";
				SWIFT_EMIT_LOC_STRINGS = NO;
				SWIFT_VERSION = 5.0;
				TARGETED_DEVICE_FAMILY = "1,2";
				TEST_TARGET_NAME = wlm;
			};
			name = Debug;
		};
		8F2670ED2859BECB005F87F3 /* Release */ = {
			isa = XCBuildConfiguration;
			buildSettings = {
				ALWAYS_EMBED_SWIFT_STANDARD_LIBRARIES = YES;
				CODE_SIGN_STYLE = Automatic;
				CURRENT_PROJECT_VERSION = 1;
				DEVELOPMENT_TEAM = 4CT2P9N458;
				GENERATE_INFOPLIST_FILE = YES;
				MARKETING_VERSION = 1.0;
				PRODUCT_BUNDLE_IDENTIFIER = Stevenfachhai.wlmUITests;
				PRODUCT_NAME = "$(TARGET_NAME)";
				SWIFT_EMIT_LOC_STRINGS = NO;
				SWIFT_VERSION = 5.0;
				TARGETED_DEVICE_FAMILY = "1,2";
				TEST_TARGET_NAME = wlm;
			};
			name = Release;
		};
/* End XCBuildConfiguration section */

/* Begin XCConfigurationList section */
		8F2670BC2859BECB005F87F3 /* Build configuration list for PBXProject "wlm" */ = {
			isa = XCConfigurationList;
			buildConfigurations = (
				8F2670E32859BECB005F87F3 /* Debug */,
				8F2670E42859BECB005F87F3 /* Release */,
			);
			defaultConfigurationIsVisible = 0;
			defaultConfigurationName = Release;
		};
		8F2670E52859BECB005F87F3 /* Build configuration list for PBXNativeTarget "wlm" */ = {
			isa = XCConfigurationList;
			buildConfigurations = (
				8F2670E62859BECB005F87F3 /* Debug */,
				8F2670E72859BECB005F87F3 /* Release */,
			);
			defaultConfigurationIsVisible = 0;
			defaultConfigurationName = Release;
		};
		8F2670E82859BECB005F87F3 /* Build configuration list for PBXNativeTarget "wlmTests" */ = {
			isa = XCConfigurationList;
			buildConfigurations = (
				8F2670E92859BECB005F87F3 /* Debug */,
				8F2670EA2859BECB005F87F3 /* Release */,
			);
			defaultConfigurationIsVisible = 0;
			defaultConfigurationName = Release;
		};
		8F2670EB2859BECB005F87F3 /* Build configuration list for PBXNativeTarget "wlmUITests" */ = {
			isa = XCConfigurationList;
			buildConfigurations = (
				8F2670EC2859BECB005F87F3 /* Debug */,
				8F2670ED2859BECB005F87F3 /* Release */,
			);
			defaultConfigurationIsVisible = 0;
			defaultConfigurationName = Release;
		};
/* End XCConfigurationList section */
	};
	rootObject = 8F2670B92859BECB005F87F3 /* Project object */;
}
