// !$*UTF8*$!
{
	archiveVersion = 1;
	classes = {
	};
	objectVersion = 55;
	objects = {

/* Begin PBXBuildFile section */
		8FCB69ED2847E31F00D46AD2 /* wlmApp.swift in Sources */ = {isa = PBXBuildFile; fileRef = 8FCB69EC2847E31F00D46AD2 /* wlmApp.swift */; };
		8FCB69EF2847E31F00D46AD2 /* ContentView.swift in Sources */ = {isa = PBXBuildFile; fileRef = 8FCB69EE2847E31F00D46AD2 /* ContentView.swift */; };
		8FCB69F12847E32100D46AD2 /* Assets.xcassets in Resources */ = {isa = PBXBuildFile; fileRef = 8FCB69F02847E32100D46AD2 /* Assets.xcassets */; };
		8FCB69F42847E32100D46AD2 /* Preview Assets.xcassets in Resources */ = {isa = PBXBuildFile; fileRef = 8FCB69F32847E32100D46AD2 /* Preview Assets.xcassets */; };
		8FCB69FE2847E32100D46AD2 /* wlmTests.swift in Sources */ = {isa = PBXBuildFile; fileRef = 8FCB69FD2847E32100D46AD2 /* wlmTests.swift */; };
		8FCB6A082847E32100D46AD2 /* wlmUITests.swift in Sources */ = {isa = PBXBuildFile; fileRef = 8FCB6A072847E32100D46AD2 /* wlmUITests.swift */; };
		8FCB6A0A2847E32100D46AD2 /* wlmUITestsLaunchTests.swift in Sources */ = {isa = PBXBuildFile; fileRef = 8FCB6A092847E32100D46AD2 /* wlmUITestsLaunchTests.swift */; };
/* End PBXBuildFile section */

/* Begin PBXContainerItemProxy section */
		8FCB69FA2847E32100D46AD2 /* PBXContainerItemProxy */ = {
			isa = PBXContainerItemProxy;
			containerPortal = 8FCB69E12847E31F00D46AD2 /* Project object */;
			proxyType = 1;
			remoteGlobalIDString = 8FCB69E82847E31F00D46AD2;
			remoteInfo = wlm;
		};
		8FCB6A042847E32100D46AD2 /* PBXContainerItemProxy */ = {
			isa = PBXContainerItemProxy;
			containerPortal = 8FCB69E12847E31F00D46AD2 /* Project object */;
			proxyType = 1;
			remoteGlobalIDString = 8FCB69E82847E31F00D46AD2;
			remoteInfo = wlm;
		};
/* End PBXContainerItemProxy section */

/* Begin PBXFileReference section */
		8FCB69E92847E31F00D46AD2 /* wlm.app */ = {isa = PBXFileReference; explicitFileType = wrapper.application; includeInIndex = 0; path = wlm.app; sourceTree = BUILT_PRODUCTS_DIR; };
		8FCB69EC2847E31F00D46AD2 /* wlmApp.swift */ = {isa = PBXFileReference; lastKnownFileType = sourcecode.swift; path = wlmApp.swift; sourceTree = "<group>"; };
		8FCB69EE2847E31F00D46AD2 /* ContentView.swift */ = {isa = PBXFileReference; lastKnownFileType = sourcecode.swift; path = ContentView.swift; sourceTree = "<group>"; };
		8FCB69F02847E32100D46AD2 /* Assets.xcassets */ = {isa = PBXFileReference; lastKnownFileType = folder.assetcatalog; path = Assets.xcassets; sourceTree = "<group>"; };
		8FCB69F32847E32100D46AD2 /* Preview Assets.xcassets */ = {isa = PBXFileReference; lastKnownFileType = folder.assetcatalog; path = "Preview Assets.xcassets"; sourceTree = "<group>"; };
		8FCB69F92847E32100D46AD2 /* wlmTests.xctest */ = {isa = PBXFileReference; explicitFileType = wrapper.cfbundle; includeInIndex = 0; path = wlmTests.xctest; sourceTree = BUILT_PRODUCTS_DIR; };
		8FCB69FD2847E32100D46AD2 /* wlmTests.swift */ = {isa = PBXFileReference; lastKnownFileType = sourcecode.swift; path = wlmTests.swift; sourceTree = "<group>"; };
		8FCB6A032847E32100D46AD2 /* wlmUITests.xctest */ = {isa = PBXFileReference; explicitFileType = wrapper.cfbundle; includeInIndex = 0; path = wlmUITests.xctest; sourceTree = BUILT_PRODUCTS_DIR; };
		8FCB6A072847E32100D46AD2 /* wlmUITests.swift */ = {isa = PBXFileReference; lastKnownFileType = sourcecode.swift; path = wlmUITests.swift; sourceTree = "<group>"; };
		8FCB6A092847E32100D46AD2 /* wlmUITestsLaunchTests.swift */ = {isa = PBXFileReference; lastKnownFileType = sourcecode.swift; path = wlmUITestsLaunchTests.swift; sourceTree = "<group>"; };
/* End PBXFileReference section */

/* Begin PBXFrameworksBuildPhase section */
		8FCB69E62847E31F00D46AD2 /* Frameworks */ = {
			isa = PBXFrameworksBuildPhase;
			buildActionMask = 2147483647;
			files = (
			);
			runOnlyForDeploymentPostprocessing = 0;
		};
		8FCB69F62847E32100D46AD2 /* Frameworks */ = {
			isa = PBXFrameworksBuildPhase;
			buildActionMask = 2147483647;
			files = (
			);
			runOnlyForDeploymentPostprocessing = 0;
		};
		8FCB6A002847E32100D46AD2 /* Frameworks */ = {
			isa = PBXFrameworksBuildPhase;
			buildActionMask = 2147483647;
			files = (
			);
			runOnlyForDeploymentPostprocessing = 0;
		};
/* End PBXFrameworksBuildPhase section */

/* Begin PBXGroup section */
		8FCB69E02847E31F00D46AD2 = {
			isa = PBXGroup;
			children = (
				8FCB69EB2847E31F00D46AD2 /* wlm */,
				8FCB69FC2847E32100D46AD2 /* wlmTests */,
				8FCB6A062847E32100D46AD2 /* wlmUITests */,
				8FCB69EA2847E31F00D46AD2 /* Products */,
			);
			sourceTree = "<group>";
		};
		8FCB69EA2847E31F00D46AD2 /* Products */ = {
			isa = PBXGroup;
			children = (
				8FCB69E92847E31F00D46AD2 /* wlm.app */,
				8FCB69F92847E32100D46AD2 /* wlmTests.xctest */,
				8FCB6A032847E32100D46AD2 /* wlmUITests.xctest */,
			);
			name = Products;
			sourceTree = "<group>";
		};
		8FCB69EB2847E31F00D46AD2 /* wlm */ = {
			isa = PBXGroup;
			children = (
				8FCB69EC2847E31F00D46AD2 /* wlmApp.swift */,
				8FCB69EE2847E31F00D46AD2 /* ContentView.swift */,
				8FCB69F02847E32100D46AD2 /* Assets.xcassets */,
				8FCB69F22847E32100D46AD2 /* Preview Content */,
			);
			path = wlm;
			sourceTree = "<group>";
		};
		8FCB69F22847E32100D46AD2 /* Preview Content */ = {
			isa = PBXGroup;
			children = (
				8FCB69F32847E32100D46AD2 /* Preview Assets.xcassets */,
			);
			path = "Preview Content";
			sourceTree = "<group>";
		};
		8FCB69FC2847E32100D46AD2 /* wlmTests */ = {
			isa = PBXGroup;
			children = (
				8FCB69FD2847E32100D46AD2 /* wlmTests.swift */,
			);
			path = wlmTests;
			sourceTree = "<group>";
		};
		8FCB6A062847E32100D46AD2 /* wlmUITests */ = {
			isa = PBXGroup;
			children = (
				8FCB6A072847E32100D46AD2 /* wlmUITests.swift */,
				8FCB6A092847E32100D46AD2 /* wlmUITestsLaunchTests.swift */,
			);
			path = wlmUITests;
			sourceTree = "<group>";
		};
/* End PBXGroup section */

/* Begin PBXNativeTarget section */
		8FCB69E82847E31F00D46AD2 /* wlm */ = {
			isa = PBXNativeTarget;
			buildConfigurationList = 8FCB6A0D2847E32100D46AD2 /* Build configuration list for PBXNativeTarget "wlm" */;
			buildPhases = (
				8FCB69E52847E31F00D46AD2 /* Sources */,
				8FCB69E62847E31F00D46AD2 /* Frameworks */,
				8FCB69E72847E31F00D46AD2 /* Resources */,
			);
			buildRules = (
			);
			dependencies = (
			);
			name = wlm;
			productName = wlm;
			productReference = 8FCB69E92847E31F00D46AD2 /* wlm.app */;
			productType = "com.apple.product-type.application";
		};
		8FCB69F82847E32100D46AD2 /* wlmTests */ = {
			isa = PBXNativeTarget;
			buildConfigurationList = 8FCB6A102847E32100D46AD2 /* Build configuration list for PBXNativeTarget "wlmTests" */;
			buildPhases = (
				8FCB69F52847E32100D46AD2 /* Sources */,
				8FCB69F62847E32100D46AD2 /* Frameworks */,
				8FCB69F72847E32100D46AD2 /* Resources */,
			);
			buildRules = (
			);
			dependencies = (
				8FCB69FB2847E32100D46AD2 /* PBXTargetDependency */,
			);
			name = wlmTests;
			productName = wlmTests;
			productReference = 8FCB69F92847E32100D46AD2 /* wlmTests.xctest */;
			productType = "com.apple.product-type.bundle.unit-test";
		};
		8FCB6A022847E32100D46AD2 /* wlmUITests */ = {
			isa = PBXNativeTarget;
			buildConfigurationList = 8FCB6A132847E32100D46AD2 /* Build configuration list for PBXNativeTarget "wlmUITests" */;
			buildPhases = (
				8FCB69FF2847E32100D46AD2 /* Sources */,
				8FCB6A002847E32100D46AD2 /* Frameworks */,
				8FCB6A012847E32100D46AD2 /* Resources */,
			);
			buildRules = (
			);
			dependencies = (
				8FCB6A052847E32100D46AD2 /* PBXTargetDependency */,
			);
			name = wlmUITests;
			productName = wlmUITests;
			productReference = 8FCB6A032847E32100D46AD2 /* wlmUITests.xctest */;
			productType = "com.apple.product-type.bundle.ui-testing";
		};
/* End PBXNativeTarget section */

/* Begin PBXProject section */
		8FCB69E12847E31F00D46AD2 /* Project object */ = {
			isa = PBXProject;
			attributes = {
				BuildIndependentTargetsInParallel = 1;
				LastSwiftUpdateCheck = 1330;
				LastUpgradeCheck = 1330;
				TargetAttributes = {
					8FCB69E82847E31F00D46AD2 = {
						CreatedOnToolsVersion = 13.3.1;
					};
					8FCB69F82847E32100D46AD2 = {
						CreatedOnToolsVersion = 13.3.1;
						TestTargetID = 8FCB69E82847E31F00D46AD2;
					};
					8FCB6A022847E32100D46AD2 = {
						CreatedOnToolsVersion = 13.3.1;
						TestTargetID = 8FCB69E82847E31F00D46AD2;
					};
				};
			};
			buildConfigurationList = 8FCB69E42847E31F00D46AD2 /* Build configuration list for PBXProject "wlm" */;
			compatibilityVersion = "Xcode 13.0";
			developmentRegion = en;
			hasScannedForEncodings = 0;
			knownRegions = (
				en,
				Base,
			);
			mainGroup = 8FCB69E02847E31F00D46AD2;
			productRefGroup = 8FCB69EA2847E31F00D46AD2 /* Products */;
			projectDirPath = "";
			projectRoot = "";
			targets = (
				8FCB69E82847E31F00D46AD2 /* wlm */,
				8FCB69F82847E32100D46AD2 /* wlmTests */,
				8FCB6A022847E32100D46AD2 /* wlmUITests */,
			);
		};
/* End PBXProject section */

/* Begin PBXResourcesBuildPhase section */
		8FCB69E72847E31F00D46AD2 /* Resources */ = {
			isa = PBXResourcesBuildPhase;
			buildActionMask = 2147483647;
			files = (
				8FCB69F42847E32100D46AD2 /* Preview Assets.xcassets in Resources */,
				8FCB69F12847E32100D46AD2 /* Assets.xcassets in Resources */,
			);
			runOnlyForDeploymentPostprocessing = 0;
		};
		8FCB69F72847E32100D46AD2 /* Resources */ = {
			isa = PBXResourcesBuildPhase;
			buildActionMask = 2147483647;
			files = (
			);
			runOnlyForDeploymentPostprocessing = 0;
		};
		8FCB6A012847E32100D46AD2 /* Resources */ = {
			isa = PBXResourcesBuildPhase;
			buildActionMask = 2147483647;
			files = (
			);
			runOnlyForDeploymentPostprocessing = 0;
		};
/* End PBXResourcesBuildPhase section */

/* Begin PBXSourcesBuildPhase section */
		8FCB69E52847E31F00D46AD2 /* Sources */ = {
			isa = PBXSourcesBuildPhase;
			buildActionMask = 2147483647;
			files = (
				8FCB69EF2847E31F00D46AD2 /* ContentView.swift in Sources */,
				8FCB69ED2847E31F00D46AD2 /* wlmApp.swift in Sources */,
			);
			runOnlyForDeploymentPostprocessing = 0;
		};
		8FCB69F52847E32100D46AD2 /* Sources */ = {
			isa = PBXSourcesBuildPhase;
			buildActionMask = 2147483647;
			files = (
				8FCB69FE2847E32100D46AD2 /* wlmTests.swift in Sources */,
			);
			runOnlyForDeploymentPostprocessing = 0;
		};
		8FCB69FF2847E32100D46AD2 /* Sources */ = {
			isa = PBXSourcesBuildPhase;
			buildActionMask = 2147483647;
			files = (
				8FCB6A082847E32100D46AD2 /* wlmUITests.swift in Sources */,
				8FCB6A0A2847E32100D46AD2 /* wlmUITestsLaunchTests.swift in Sources */,
			);
			runOnlyForDeploymentPostprocessing = 0;
		};
/* End PBXSourcesBuildPhase section */

/* Begin PBXTargetDependency section */
		8FCB69FB2847E32100D46AD2 /* PBXTargetDependency */ = {
			isa = PBXTargetDependency;
			target = 8FCB69E82847E31F00D46AD2 /* wlm */;
			targetProxy = 8FCB69FA2847E32100D46AD2 /* PBXContainerItemProxy */;
		};
		8FCB6A052847E32100D46AD2 /* PBXTargetDependency */ = {
			isa = PBXTargetDependency;
			target = 8FCB69E82847E31F00D46AD2 /* wlm */;
			targetProxy = 8FCB6A042847E32100D46AD2 /* PBXContainerItemProxy */;
		};
/* End PBXTargetDependency section */

/* Begin XCBuildConfiguration section */
		8FCB6A0B2847E32100D46AD2 /* Debug */ = {
			isa = XCBuildConfiguration;
			buildSettings = {
				ALWAYS_SEARCH_USER_PATHS = NO;
				CLANG_ANALYZER_NONNULL = YES;
				CLANG_ANALYZER_NUMBER_OBJECT_CONVERSION = YES_AGGRESSIVE;
				CLANG_CXX_LANGUAGE_STANDARD = "gnu++17";
				CLANG_ENABLE_MODULES = YES;
				CLANG_ENABLE_OBJC_ARC = YES;
				CLANG_ENABLE_OBJC_WEAK = YES;
				CLANG_WARN_BLOCK_CAPTURE_AUTORELEASING = YES;
				CLANG_WARN_BOOL_CONVERSION = YES;
				CLANG_WARN_COMMA = YES;
				CLANG_WARN_CONSTANT_CONVERSION = YES;
				CLANG_WARN_DEPRECATED_OBJC_IMPLEMENTATIONS = YES;
				CLANG_WARN_DIRECT_OBJC_ISA_USAGE = YES_ERROR;
				CLANG_WARN_DOCUMENTATION_COMMENTS = YES;
				CLANG_WARN_EMPTY_BODY = YES;
				CLANG_WARN_ENUM_CONVERSION = YES;
				CLANG_WARN_INFINITE_RECURSION = YES;
				CLANG_WARN_INT_CONVERSION = YES;
				CLANG_WARN_NON_LITERAL_NULL_CONVERSION = YES;
				CLANG_WARN_OBJC_IMPLICIT_RETAIN_SELF = YES;
				CLANG_WARN_OBJC_LITERAL_CONVERSION = YES;
				CLANG_WARN_OBJC_ROOT_CLASS = YES_ERROR;
				CLANG_WARN_QUOTED_INCLUDE_IN_FRAMEWORK_HEADER = YES;
				CLANG_WARN_RANGE_LOOP_ANALYSIS = YES;
				CLANG_WARN_STRICT_PROTOTYPES = YES;
				CLANG_WARN_SUSPICIOUS_MOVE = YES;
				CLANG_WARN_UNGUARDED_AVAILABILITY = YES_AGGRESSIVE;
				CLANG_WARN_UNREACHABLE_CODE = YES;
				CLANG_WARN__DUPLICATE_METHOD_MATCH = YES;
				COPY_PHASE_STRIP = NO;
				DEBUG_INFORMATION_FORMAT = dwarf;
				ENABLE_STRICT_OBJC_MSGSEND = YES;
				ENABLE_TESTABILITY = YES;
				GCC_C_LANGUAGE_STANDARD = gnu11;
				GCC_DYNAMIC_NO_PIC = NO;
				GCC_NO_COMMON_BLOCKS = YES;
				GCC_OPTIMIZATION_LEVEL = 0;
				GCC_PREPROCESSOR_DEFINITIONS = (
					"DEBUG=1",
					"$(inherited)",
				);
				GCC_WARN_64_TO_32_BIT_CONVERSION = YES;
				GCC_WARN_ABOUT_RETURN_TYPE = YES_ERROR;
				GCC_WARN_UNDECLARED_SELECTOR = YES;
				GCC_WARN_UNINITIALIZED_AUTOS = YES_AGGRESSIVE;
				GCC_WARN_UNUSED_FUNCTION = YES;
				GCC_WARN_UNUSED_VARIABLE = YES;
				IPHONEOS_DEPLOYMENT_TARGET = 15.4;
				MTL_ENABLE_DEBUG_INFO = INCLUDE_SOURCE;
				MTL_FAST_MATH = YES;
				ONLY_ACTIVE_ARCH = YES;
				SDKROOT = iphoneos;
				SWIFT_ACTIVE_COMPILATION_CONDITIONS = DEBUG;
				SWIFT_OPTIMIZATION_LEVEL = "-Onone";
			};
			name = Debug;
		};
		8FCB6A0C2847E32100D46AD2 /* Release */ = {
			isa = XCBuildConfiguration;
			buildSettings = {
				ALWAYS_SEARCH_USER_PATHS = NO;
				CLANG_ANALYZER_NONNULL = YES;
				CLANG_ANALYZER_NUMBER_OBJECT_CONVERSION = YES_AGGRESSIVE;
				CLANG_CXX_LANGUAGE_STANDARD = "gnu++17";
				CLANG_ENABLE_MODULES = YES;
				CLANG_ENABLE_OBJC_ARC = YES;
				CLANG_ENABLE_OBJC_WEAK = YES;
				CLANG_WARN_BLOCK_CAPTURE_AUTORELEASING = YES;
				CLANG_WARN_BOOL_CONVERSION = YES;
				CLANG_WARN_COMMA = YES;
				CLANG_WARN_CONSTANT_CONVERSION = YES;
				CLANG_WARN_DEPRECATED_OBJC_IMPLEMENTATIONS = YES;
				CLANG_WARN_DIRECT_OBJC_ISA_USAGE = YES_ERROR;
				CLANG_WARN_DOCUMENTATION_COMMENTS = YES;
				CLANG_WARN_EMPTY_BODY = YES;
				CLANG_WARN_ENUM_CONVERSION = YES;
				CLANG_WARN_INFINITE_RECURSION = YES;
				CLANG_WARN_INT_CONVERSION = YES;
				CLANG_WARN_NON_LITERAL_NULL_CONVERSION = YES;
				CLANG_WARN_OBJC_IMPLICIT_RETAIN_SELF = YES;
				CLANG_WARN_OBJC_LITERAL_CONVERSION = YES;
				CLANG_WARN_OBJC_ROOT_CLASS = YES_ERROR;
				CLANG_WARN_QUOTED_INCLUDE_IN_FRAMEWORK_HEADER = YES;
				CLANG_WARN_RANGE_LOOP_ANALYSIS = YES;
				CLANG_WARN_STRICT_PROTOTYPES = YES;
				CLANG_WARN_SUSPICIOUS_MOVE = YES;
				CLANG_WARN_UNGUARDED_AVAILABILITY = YES_AGGRESSIVE;
				CLANG_WARN_UNREACHABLE_CODE = YES;
				CLANG_WARN__DUPLICATE_METHOD_MATCH = YES;
				COPY_PHASE_STRIP = NO;
				DEBUG_INFORMATION_FORMAT = "dwarf-with-dsym";
				ENABLE_NS_ASSERTIONS = NO;
				ENABLE_STRICT_OBJC_MSGSEND = YES;
				GCC_C_LANGUAGE_STANDARD = gnu11;
				GCC_NO_COMMON_BLOCKS = YES;
				GCC_WARN_64_TO_32_BIT_CONVERSION = YES;
				GCC_WARN_ABOUT_RETURN_TYPE = YES_ERROR;
				GCC_WARN_UNDECLARED_SELECTOR = YES;
				GCC_WARN_UNINITIALIZED_AUTOS = YES_AGGRESSIVE;
				GCC_WARN_UNUSED_FUNCTION = YES;
				GCC_WARN_UNUSED_VARIABLE = YES;
				IPHONEOS_DEPLOYMENT_TARGET = 15.4;
				MTL_ENABLE_DEBUG_INFO = NO;
				MTL_FAST_MATH = YES;
				SDKROOT = iphoneos;
				SWIFT_COMPILATION_MODE = wholemodule;
				SWIFT_OPTIMIZATION_LEVEL = "-O";
				VALIDATE_PRODUCT = YES;
			};
			name = Release;
		};
		8FCB6A0E2847E32100D46AD2 /* Debug */ = {
			isa = XCBuildConfiguration;
			buildSettings = {
				ASSETCATALOG_COMPILER_APPICON_NAME = AppIcon;
				ASSETCATALOG_COMPILER_GLOBAL_ACCENT_COLOR_NAME = AccentColor;
				ASSETCATALOG_COMPILER_INCLUDE_ALL_APPICON_ASSETS = NO;
				CODE_SIGN_STYLE = Automatic;
				CURRENT_PROJECT_VERSION = 1;
				DEVELOPMENT_ASSET_PATHS = "\"wlm/Preview Content\"";
				DEVELOPMENT_TEAM = 4CT2P9N458;
				ENABLE_PREVIEWS = YES;
				GENERATE_INFOPLIST_FILE = YES;
				INFOPLIST_KEY_UIApplicationSceneManifest_Generation = YES;
				INFOPLIST_KEY_UIApplicationSupportsIndirectInputEvents = YES;
				INFOPLIST_KEY_UILaunchScreen_Generation = YES;
				INFOPLIST_KEY_UISupportedInterfaceOrientations = "UIInterfaceOrientationPortrait UIInterfaceOrientationPortraitUpsideDown UIInterfaceOrientationLandscapeLeft UIInterfaceOrientationLandscapeRight";
				INFOPLIST_KEY_UISupportedInterfaceOrientations_iPad = "UIInterfaceOrientationPortrait UIInterfaceOrientationPortraitUpsideDown UIInterfaceOrientationLandscapeLeft UIInterfaceOrientationLandscapeRight";
				INFOPLIST_KEY_UISupportedInterfaceOrientations_iPhone = "UIInterfaceOrientationPortrait UIInterfaceOrientationLandscapeLeft UIInterfaceOrientationLandscapeRight";
				LD_RUNPATH_SEARCH_PATHS = (
					"$(inherited)",
					"@executable_path/Frameworks",
				);
				MARKETING_VERSION = 1.0.0;
				PRODUCT_BUNDLE_IDENTIFIER = com.wlm.app.wlm;
				PRODUCT_NAME = "$(TARGET_NAME)";
				SWIFT_EMIT_LOC_STRINGS = YES;
				SWIFT_VERSION = 5.0;
				TARGETED_DEVICE_FAMILY = "1,2";
			};
			name = Debug;
		};
		8FCB6A0F2847E32100D46AD2 /* Release */ = {
			isa = XCBuildConfiguration;
			buildSettings = {
				ASSETCATALOG_COMPILER_APPICON_NAME = AppIcon;
				ASSETCATALOG_COMPILER_GLOBAL_ACCENT_COLOR_NAME = AccentColor;
				ASSETCATALOG_COMPILER_INCLUDE_ALL_APPICON_ASSETS = NO;
				CODE_SIGN_STYLE = Automatic;
				CURRENT_PROJECT_VERSION = 1;
				DEVELOPMENT_ASSET_PATHS = "\"wlm/Preview Content\"";
				DEVELOPMENT_TEAM = 4CT2P9N458;
				ENABLE_PREVIEWS = YES;
				GENERATE_INFOPLIST_FILE = YES;
				INFOPLIST_KEY_UIApplicationSceneManifest_Generation = YES;
				INFOPLIST_KEY_UIApplicationSupportsIndirectInputEvents = YES;
				INFOPLIST_KEY_UILaunchScreen_Generation = YES;
				INFOPLIST_KEY_UISupportedInterfaceOrientations = "UIInterfaceOrientationPortrait UIInterfaceOrientationPortraitUpsideDown UIInterfaceOrientationLandscapeLeft UIInterfaceOrientationLandscapeRight";
				INFOPLIST_KEY_UISupportedInterfaceOrientations_iPad = "UIInterfaceOrientationPortrait UIInterfaceOrientationPortraitUpsideDown UIInterfaceOrientationLandscapeLeft UIInterfaceOrientationLandscapeRight";
				INFOPLIST_KEY_UISupportedInterfaceOrientations_iPhone = "UIInterfaceOrientationPortrait UIInterfaceOrientationLandscapeLeft UIInterfaceOrientationLandscapeRight";
				LD_RUNPATH_SEARCH_PATHS = (
					"$(inherited)",
					"@executable_path/Frameworks",
				);
				MARKETING_VERSION = 1.0.0;
				PRODUCT_BUNDLE_IDENTIFIER = com.wlm.app.wlm;
				PRODUCT_NAME = "$(TARGET_NAME)";
				SWIFT_EMIT_LOC_STRINGS = YES;
				SWIFT_VERSION = 5.0;
				TARGETED_DEVICE_FAMILY = "1,2";
			};
			name = Release;
		};
		8FCB6A112847E32100D46AD2 /* Debug */ = {
			isa = XCBuildConfiguration;
			buildSettings = {
				ALWAYS_EMBED_SWIFT_STANDARD_LIBRARIES = YES;
				BUNDLE_LOADER = "$(TEST_HOST)";
				CODE_SIGN_STYLE = Automatic;
				CURRENT_PROJECT_VERSION = 1;
				DEVELOPMENT_TEAM = 4CT2P9N458;
				GENERATE_INFOPLIST_FILE = YES;
				IPHONEOS_DEPLOYMENT_TARGET = 15.4;
				MARKETING_VERSION = 1.0;
				PRODUCT_BUNDLE_IDENTIFIER = Stevenfachhai.wlmTests;
				PRODUCT_NAME = "$(TARGET_NAME)";
				SWIFT_EMIT_LOC_STRINGS = NO;
				SWIFT_VERSION = 5.0;
				TARGETED_DEVICE_FAMILY = "1,2";
				TEST_HOST = "$(BUILT_PRODUCTS_DIR)/wlm.app/wlm";
			};
			name = Debug;
		};
		8FCB6A122847E32100D46AD2 /* Release */ = {
			isa = XCBuildConfiguration;
			buildSettings = {
				ALWAYS_EMBED_SWIFT_STANDARD_LIBRARIES = YES;
				BUNDLE_LOADER = "$(TEST_HOST)";
				CODE_SIGN_STYLE = Automatic;
				CURRENT_PROJECT_VERSION = 1;
				DEVELOPMENT_TEAM = 4CT2P9N458;
				GENERATE_INFOPLIST_FILE = YES;
				IPHONEOS_DEPLOYMENT_TARGET = 15.4;
				MARKETING_VERSION = 1.0;
				PRODUCT_BUNDLE_IDENTIFIER = Stevenfachhai.wlmTests;
				PRODUCT_NAME = "$(TARGET_NAME)";
				SWIFT_EMIT_LOC_STRINGS = NO;
				SWIFT_VERSION = 5.0;
				TARGETED_DEVICE_FAMILY = "1,2";
				TEST_HOST = "$(BUILT_PRODUCTS_DIR)/wlm.app/wlm";
			};
			name = Release;
		};
		8FCB6A142847E32100D46AD2 /* Debug */ = {
			isa = XCBuildConfiguration;
			buildSettings = {
				ALWAYS_EMBED_SWIFT_STANDARD_LIBRARIES = YES;
				CODE_SIGN_STYLE = Automatic;
				CURRENT_PROJECT_VERSION = 1;
				DEVELOPMENT_TEAM = 4CT2P9N458;
				GENERATE_INFOPLIST_FILE = YES;
				MARKETING_VERSION = 1.0;
				PRODUCT_BUNDLE_IDENTIFIER = Stevenfachhai.wlmUITests;
				PRODUCT_NAME = "$(TARGET_NAME)";
				SWIFT_EMIT_LOC_STRINGS = NO;
				SWIFT_VERSION = 5.0;
				TARGETED_DEVICE_FAMILY = "1,2";
				TEST_TARGET_NAME = wlm;
			};
			name = Debug;
		};
		8FCB6A152847E32100D46AD2 /* Release */ = {
			isa = XCBuildConfiguration;
			buildSettings = {
				ALWAYS_EMBED_SWIFT_STANDARD_LIBRARIES = YES;
				CODE_SIGN_STYLE = Automatic;
				CURRENT_PROJECT_VERSION = 1;
				DEVELOPMENT_TEAM = 4CT2P9N458;
				GENERATE_INFOPLIST_FILE = YES;
				MARKETING_VERSION = 1.0;
				PRODUCT_BUNDLE_IDENTIFIER = Stevenfachhai.wlmUITests;
				PRODUCT_NAME = "$(TARGET_NAME)";
				SWIFT_EMIT_LOC_STRINGS = NO;
				SWIFT_VERSION = 5.0;
				TARGETED_DEVICE_FAMILY = "1,2";
				TEST_TARGET_NAME = wlm;
			};
			name = Release;
		};
/* End XCBuildConfiguration section */

/* Begin XCConfigurationList section */
		8FCB69E42847E31F00D46AD2 /* Build configuration list for PBXProject "wlm" */ = {
			isa = XCConfigurationList;
			buildConfigurations = (
				8FCB6A0B2847E32100D46AD2 /* Debug */,
				8FCB6A0C2847E32100D46AD2 /* Release */,
			);
			defaultConfigurationIsVisible = 0;
			defaultConfigurationName = Release;
		};
		8FCB6A0D2847E32100D46AD2 /* Build configuration list for PBXNativeTarget "wlm" */ = {
			isa = XCConfigurationList;
			buildConfigurations = (
				8FCB6A0E2847E32100D46AD2 /* Debug */,
				8FCB6A0F2847E32100D46AD2 /* Release */,
			);
			defaultConfigurationIsVisible = 0;
			defaultConfigurationName = Release;
		};
		8FCB6A102847E32100D46AD2 /* Build configuration list for PBXNativeTarget "wlmTests" */ = {
			isa = XCConfigurationList;
			buildConfigurations = (
				8FCB6A112847E32100D46AD2 /* Debug */,
				8FCB6A122847E32100D46AD2 /* Release */,
			);
			defaultConfigurationIsVisible = 0;
			defaultConfigurationName = Release;
		};
		8FCB6A132847E32100D46AD2 /* Build configuration list for PBXNativeTarget "wlmUITests" */ = {
			isa = XCConfigurationList;
			buildConfigurations = (
				8FCB6A142847E32100D46AD2 /* Debug */,
				8FCB6A152847E32100D46AD2 /* Release */,
			);
			defaultConfigurationIsVisible = 0;
			defaultConfigurationName = Release;
		};
/* End XCConfigurationList section */
	};
	rootObject = 8FCB69E12847E31F00D46AD2 /* Project object */;
}
